
Microsoft Visual Studio Solution File, Format Version 12.00
# Visual Studio 15
VisualStudioVersion = 15.0.27004.2002
MinimumVisualStudioVersion = 10.0.40219.1
Project("{2150E333-8FDC-42A3-9474-1A3956D46DE8}") = "01.UI", "01.UI", "{B6B50674-5851-4F18-9B8C-7559D0F7EA87}"
EndProject
Project("{2150E333-8FDC-42A3-9474-1A3956D46DE8}") = "02.Service", "02.Service", "{C9A336AB-E8C4-44ED-A24B-11AF3E290D28}"
EndProject
Project("{2150E333-8FDC-42A3-9474-1A3956D46DE8}") = "03.Domain", "03.Domain", "{84639DBB-8DB7-4105-8E80-2956C6B60589}"
EndProject
Project("{2150E333-8FDC-42A3-9474-1A3956D46DE8}") = "04.Infrastructure", "04.Infrastructure", "{236B5EC1-436D-4124-8FB0-C7673F9A8280}"
EndProject
Project("{2150E333-8FDC-42A3-9474-1A3956D46DE8}") = "99.UnitTest", "99.UnitTest", "{E1EF99A2-4770-4BBC-9966-08792A3315CC}"
EndProject
Project("{FAE04EC0-301F-11D3-BF4B-00C04F79EFBC}") = "Intitek.Welcome.Domain", "Intitek.Welcome.Domain\Intitek.Welcome.Domain.csproj", "{AAB5D273-377A-4D06-8669-34EA4C89D8E6}"
EndProject
Project("{FAE04EC0-301F-11D3-BF4B-00C04F79EFBC}") = "Intitek.Welcome.DataAccess", "Intitek.Welcome.DataAccess\Intitek.Welcome.DataAccess.csproj", "{F99A2117-3E01-4EB7-87D5-5D68434EBC6F}"
EndProject
Project("{FAE04EC0-301F-11D3-BF4B-00C04F79EFBC}") = "Intitek.Welcome.Repository", "Intitek.Welcome.Repository\Intitek.Welcome.Repository.csproj", "{D3301D60-456A-4EA4-B6E0-CD64331CB354}"
EndProject
Project("{FAE04EC0-301F-11D3-BF4B-00C04F79EFBC}") = "Intitek.Welcome.Infrastructure", "Intitek.Welcome.Infrastructure\Intitek.Welcome.Infrastructure.csproj", "{6BB476BF-44A4-44C1-8FF1-9FE476CB4525}"
EndProject
Project("{FAE04EC0-301F-11D3-BF4B-00C04F79EFBC}") = "Intitek.Welcome.DataAccessUT", "Intitek.Welcome.DataAccessUT\Intitek.Welcome.DataAccessUT.csproj", "{35FADF52-F7CF-45D7-BEA2-1CD56950C4FC}"
EndProject
Project("{2150E333-8FDC-42A3-9474-1A3956D46DE8}") = "FrontOffice", "FrontOffice", "{7F5DDB71-AE3C-4FF0-B731-A65E0C0F9A69}"
EndProject
Project("{FAE04EC0-301F-11D3-BF4B-00C04F79EFBC}") = "Intitek.Welcome.UI.GridMvc", "Intitek.Welcome.UI.GridMvc\Intitek.Welcome.UI.GridMvc.csproj", "{22091A81-23E6-4CFC-9E63-F67130543B1F}"
EndProject
Project("{FAE04EC0-301F-11D3-BF4B-00C04F79EFBC}") = "Intitek.Welcome.UI.Resources", "Intitek.Welcome.UI.Resources\Intitek.Welcome.UI.Resources.csproj", "{EEA5F909-424B-4EB7-BC1E-0F835D26EAA6}"
EndProject
Project("{FAE04EC0-301F-11D3-BF4B-00C04F79EFBC}") = "Intitek.Welcome.UI.ViewModels", "Intitek.Welcome.UI.ViewModels\Intitek.Welcome.UI.ViewModels.csproj", "{450EC123-0460-44A5-A938-41B79ABF4E76}"
EndProject
Project("{FAE04EC0-301F-11D3-BF4B-00C04F79EFBC}") = "Intitek.Welcome.UI.Web", "Intitek.Welcome.UI.Web\Intitek.Welcome.UI.Web.csproj", "{6DD549A9-998F-4C0E-A4FC-8A6E6D2AC655}"
EndProject
Project("{2150E333-8FDC-42A3-9474-1A3956D46DE8}") = "FrontOffice", "FrontOffice", "{6A556011-DF1D-4133-AAB1-E4EA035CC48C}"
EndProject
Project("{FAE04EC0-301F-11D3-BF4B-00C04F79EFBC}") = "Intitek.Welcome.LoggerUT", "Intitek.Welcome.LoggerUT\Intitek.Welcome.LoggerUT.csproj", "{F11757C7-0599-484D-9F14-9DA0CCA43136}"
EndProject
Project("{FAE04EC0-301F-11D3-BF4B-00C04F79EFBC}") = "Intitek.Welcome.Service.Front", "Intitek.Welcome.Service.Front\Intitek.Welcome.Service.Front.csproj", "{16E64B9B-0AA4-4388-A36D-428F723C6C54}"
EndProject
Project("{FAE04EC0-301F-11D3-BF4B-00C04F79EFBC}") = "Intitek.Welcome.ServiceUT", "Intitek.Welcome.ServiceUT\Intitek.Welcome.ServiceUT.csproj", "{4B8CD22E-8A97-4E67-AA69-E1C1E5999324}"
EndProject
Project("{2150E333-8FDC-42A3-9474-1A3956D46DE8}") = "BackOffice", "BackOffice", "{F721D84C-724B-4EC3-9C37-FDAEF554218C}"
EndProject
Project("{FAE04EC0-301F-11D3-BF4B-00C04F79EFBC}") = "Intitek.Welcome.Service.Back", "Intitek.Welcome.Service.Back\Intitek.Welcome.Service.Back.csproj", "{01FC2014-397F-441E-A752-8F7990081433}"
EndProject
Project("{FAE04EC0-301F-11D3-BF4B-00C04F79EFBC}") = "Intitek.Welcome.HelpersUT", "Intitek.Welcome.HelpersUT\Intitek.Welcome.HelpersUT.csproj", "{3F2CC768-84BD-434D-B0B5-005ED6C8D8C4}"
EndProject
Project("{2150E333-8FDC-42A3-9474-1A3956D46DE8}") = "00.Batch", "00.Batch", "{CD85B710-6A66-4399-8707-62EFA72DA38C}"
EndProject
Project("{FAE04EC0-301F-11D3-BF4B-00C04F79EFBC}") = "Astek.Welcome.Batch", "Astek.Welcome.Batch\Astek.Welcome.Batch.csproj", "{5D8CDC80-3D90-4D7E-A73D-0CC37FBDCB1E}"
EndProject
Project("{FAE04EC0-301F-11D3-BF4B-00C04F79EFBC}") = "Astek.Welcome.Batch.Service", "Astek.Welcome.Batch.Service\Astek.Welcome.Batch.Service.csproj", "{4F998431-4F9D-4A8B-B8EE-B91233EEF56F}"
EndProject
Global
	GlobalSection(SolutionConfigurationPlatforms) = preSolution
		Debug|Any CPU = Debug|Any CPU
		Release|Any CPU = Release|Any CPU
	EndGlobalSection
	GlobalSection(ProjectConfigurationPlatforms) = postSolution
		{AAB5D273-377A-4D06-8669-34EA4C89D8E6}.Debug|Any CPU.ActiveCfg = Debug|Any CPU
		{AAB5D273-377A-4D06-8669-34EA4C89D8E6}.Debug|Any CPU.Build.0 = Debug|Any CPU
		{AAB5D273-377A-4D06-8669-34EA4C89D8E6}.Release|Any CPU.ActiveCfg = Release|Any CPU
		{AAB5D273-377A-4D06-8669-34EA4C89D8E6}.Release|Any CPU.Build.0 = Release|Any CPU
		{F99A2117-3E01-4EB7-87D5-5D68434EBC6F}.Debug|Any CPU.ActiveCfg = Debug|Any CPU
		{F99A2117-3E01-4EB7-87D5-5D68434EBC6F}.Debug|Any CPU.Build.0 = Debug|Any CPU
		{F99A2117-3E01-4EB7-87D5-5D68434EBC6F}.Release|Any CPU.ActiveCfg = Release|Any CPU
		{F99A2117-3E01-4EB7-87D5-5D68434EBC6F}.Release|Any CPU.Build.0 = Release|Any CPU
		{D3301D60-456A-4EA4-B6E0-CD64331CB354}.Debug|Any CPU.ActiveCfg = Debug|Any CPU
		{D3301D60-456A-4EA4-B6E0-CD64331CB354}.Debug|Any CPU.Build.0 = Debug|Any CPU
		{D3301D60-456A-4EA4-B6E0-CD64331CB354}.Release|Any CPU.ActiveCfg = Release|Any CPU
		{D3301D60-456A-4EA4-B6E0-CD64331CB354}.Release|Any CPU.Build.0 = Release|Any CPU
		{6BB476BF-44A4-44C1-8FF1-9FE476CB4525}.Debug|Any CPU.ActiveCfg = Debug|Any CPU
		{6BB476BF-44A4-44C1-8FF1-9FE476CB4525}.Debug|Any CPU.Build.0 = Debug|Any CPU
		{6BB476BF-44A4-44C1-8FF1-9FE476CB4525}.Release|Any CPU.ActiveCfg = Release|Any CPU
		{6BB476BF-44A4-44C1-8FF1-9FE476CB4525}.Release|Any CPU.Build.0 = Release|Any CPU
		{35FADF52-F7CF-45D7-BEA2-1CD56950C4FC}.Debug|Any CPU.ActiveCfg = Debug|Any CPU
		{35FADF52-F7CF-45D7-BEA2-1CD56950C4FC}.Debug|Any CPU.Build.0 = Debug|Any CPU
		{35FADF52-F7CF-45D7-BEA2-1CD56950C4FC}.Release|Any CPU.ActiveCfg = Release|Any CPU
		{35FADF52-F7CF-45D7-BEA2-1CD56950C4FC}.Release|Any CPU.Build.0 = Release|Any CPU
		{22091A81-23E6-4CFC-9E63-F67130543B1F}.Debug|Any CPU.ActiveCfg = Debug|Any CPU
		{22091A81-23E6-4CFC-9E63-F67130543B1F}.Debug|Any CPU.Build.0 = Debug|Any CPU
		{22091A81-23E6-4CFC-9E63-F67130543B1F}.Release|Any CPU.ActiveCfg = Release|Any CPU
		{22091A81-23E6-4CFC-9E63-F67130543B1F}.Release|Any CPU.Build.0 = Release|Any CPU
		{EEA5F909-424B-4EB7-BC1E-0F835D26EAA6}.Debug|Any CPU.ActiveCfg = Debug|Any CPU
		{EEA5F909-424B-4EB7-BC1E-0F835D26EAA6}.Debug|Any CPU.Build.0 = Debug|Any CPU
		{EEA5F909-424B-4EB7-BC1E-0F835D26EAA6}.Release|Any CPU.ActiveCfg = Release|Any CPU
		{EEA5F909-424B-4EB7-BC1E-0F835D26EAA6}.Release|Any CPU.Build.0 = Release|Any CPU
		{450EC123-0460-44A5-A938-41B79ABF4E76}.Debug|Any CPU.ActiveCfg = Debug|Any CPU
		{450EC123-0460-44A5-A938-41B79ABF4E76}.Debug|Any CPU.Build.0 = Debug|Any CPU
		{450EC123-0460-44A5-A938-41B79ABF4E76}.Release|Any CPU.ActiveCfg = Release|Any CPU
		{450EC123-0460-44A5-A938-41B79ABF4E76}.Release|Any CPU.Build.0 = Release|Any CPU
		{6DD549A9-998F-4C0E-A4FC-8A6E6D2AC655}.Debug|Any CPU.ActiveCfg = Debug|Any CPU
		{6DD549A9-998F-4C0E-A4FC-8A6E6D2AC655}.Debug|Any CPU.Build.0 = Debug|Any CPU
		{6DD549A9-998F-4C0E-A4FC-8A6E6D2AC655}.Release|Any CPU.ActiveCfg = Release|Any CPU
		{6DD549A9-998F-4C0E-A4FC-8A6E6D2AC655}.Release|Any CPU.Build.0 = Release|Any CPU
		{F11757C7-0599-484D-9F14-9DA0CCA43136}.Debug|Any CPU.ActiveCfg = Debug|Any CPU
		{F11757C7-0599-484D-9F14-9DA0CCA43136}.Debug|Any CPU.Build.0 = Debug|Any CPU
		{F11757C7-0599-484D-9F14-9DA0CCA43136}.Release|Any CPU.ActiveCfg = Release|Any CPU
		{F11757C7-0599-484D-9F14-9DA0CCA43136}.Release|Any CPU.Build.0 = Release|Any CPU
		{16E64B9B-0AA4-4388-A36D-428F723C6C54}.Debug|Any CPU.ActiveCfg = Debug|Any CPU
		{16E64B9B-0AA4-4388-A36D-428F723C6C54}.Debug|Any CPU.Build.0 = Debug|Any CPU
		{16E64B9B-0AA4-4388-A36D-428F723C6C54}.Release|Any CPU.ActiveCfg = Release|Any CPU
		{16E64B9B-0AA4-4388-A36D-428F723C6C54}.Release|Any CPU.Build.0 = Release|Any CPU
		{4B8CD22E-8A97-4E67-AA69-E1C1E5999324}.Debug|Any CPU.ActiveCfg = Debug|Any CPU
		{4B8CD22E-8A97-4E67-AA69-E1C1E5999324}.Debug|Any CPU.Build.0 = Debug|Any CPU
		{4B8CD22E-8A97-4E67-AA69-E1C1E5999324}.Release|Any CPU.ActiveCfg = Release|Any CPU
		{4B8CD22E-8A97-4E67-AA69-E1C1E5999324}.Release|Any CPU.Build.0 = Release|Any CPU
		{01FC2014-397F-441E-A752-8F7990081433}.Debug|Any CPU.ActiveCfg = Debug|Any CPU
		{01FC2014-397F-441E-A752-8F7990081433}.Debug|Any CPU.Build.0 = Debug|Any CPU
		{01FC2014-397F-441E-A752-8F7990081433}.Release|Any CPU.ActiveCfg = Release|Any CPU
		{01FC2014-397F-441E-A752-8F7990081433}.Release|Any CPU.Build.0 = Release|Any CPU
		{3F2CC768-84BD-434D-B0B5-005ED6C8D8C4}.Debug|Any CPU.ActiveCfg = Debug|Any CPU
		{3F2CC768-84BD-434D-B0B5-005ED6C8D8C4}.Debug|Any CPU.Build.0 = Debug|Any CPU
		{3F2CC768-84BD-434D-B0B5-005ED6C8D8C4}.Release|Any CPU.ActiveCfg = Release|Any CPU
		{3F2CC768-84BD-434D-B0B5-005ED6C8D8C4}.Release|Any CPU.Build.0 = Release|Any CPU
		{5D8CDC80-3D90-4D7E-A73D-0CC37FBDCB1E}.Debug|Any CPU.ActiveCfg = Debug|Any CPU
		{5D8CDC80-3D90-4D7E-A73D-0CC37FBDCB1E}.Debug|Any CPU.Build.0 = Debug|Any CPU
		{5D8CDC80-3D90-4D7E-A73D-0CC37FBDCB1E}.Release|Any CPU.ActiveCfg = Release|Any CPU
		{5D8CDC80-3D90-4D7E-A73D-0CC37FBDCB1E}.Release|Any CPU.Build.0 = Release|Any CPU
		{4F998431-4F9D-4A8B-B8EE-B91233EEF56F}.Debug|Any CPU.ActiveCfg = Debug|Any CPU
		{4F998431-4F9D-4A8B-B8EE-B91233EEF56F}.Debug|Any CPU.Build.0 = Debug|Any CPU
		{4F998431-4F9D-4A8B-B8EE-B91233EEF56F}.Release|Any CPU.ActiveCfg = Release|Any CPU
		{4F998431-4F9D-4A8B-B8EE-B91233EEF56F}.Release|Any CPU.Build.0 = Release|Any CPU
	EndGlobalSection
	GlobalSection(SolutionProperties) = preSolution
		HideSolutionNode = FALSE
	EndGlobalSection
	GlobalSection(NestedProjects) = preSolution
		{AAB5D273-377A-4D06-8669-34EA4C89D8E6} = {84639DBB-8DB7-4105-8E80-2956C6B60589}
		{F99A2117-3E01-4EB7-87D5-5D68434EBC6F} = {84639DBB-8DB7-4105-8E80-2956C6B60589}
		{D3301D60-456A-4EA4-B6E0-CD64331CB354} = {236B5EC1-436D-4124-8FB0-C7673F9A8280}
		{6BB476BF-44A4-44C1-8FF1-9FE476CB4525} = {236B5EC1-436D-4124-8FB0-C7673F9A8280}
		{35FADF52-F7CF-45D7-BEA2-1CD56950C4FC} = {E1EF99A2-4770-4BBC-9966-08792A3315CC}
		{7F5DDB71-AE3C-4FF0-B731-A65E0C0F9A69} = {B6B50674-5851-4F18-9B8C-7559D0F7EA87}
		{22091A81-23E6-4CFC-9E63-F67130543B1F} = {7F5DDB71-AE3C-4FF0-B731-A65E0C0F9A69}
		{EEA5F909-424B-4EB7-BC1E-0F835D26EAA6} = {7F5DDB71-AE3C-4FF0-B731-A65E0C0F9A69}
		{450EC123-0460-44A5-A938-41B79ABF4E76} = {7F5DDB71-AE3C-4FF0-B731-A65E0C0F9A69}
		{6DD549A9-998F-4C0E-A4FC-8A6E6D2AC655} = {7F5DDB71-AE3C-4FF0-B731-A65E0C0F9A69}
		{6A556011-DF1D-4133-AAB1-E4EA035CC48C} = {C9A336AB-E8C4-44ED-A24B-11AF3E290D28}
		{F11757C7-0599-484D-9F14-9DA0CCA43136} = {E1EF99A2-4770-4BBC-9966-08792A3315CC}
		{16E64B9B-0AA4-4388-A36D-428F723C6C54} = {6A556011-DF1D-4133-AAB1-E4EA035CC48C}
		{4B8CD22E-8A97-4E67-AA69-E1C1E5999324} = {E1EF99A2-4770-4BBC-9966-08792A3315CC}
		{F721D84C-724B-4EC3-9C37-FDAEF554218C} = {C9A336AB-E8C4-44ED-A24B-11AF3E290D28}
		{01FC2014-397F-441E-A752-8F7990081433} = {F721D84C-724B-4EC3-9C37-FDAEF554218C}
		{3F2CC768-84BD-434D-B0B5-005ED6C8D8C4} = {E1EF99A2-4770-4BBC-9966-08792A3315CC}
		{5D8CDC80-3D90-4D7E-A73D-0CC37FBDCB1E} = {CD85B710-6A66-4399-8707-62EFA72DA38C}
		{4F998431-4F9D-4A8B-B8EE-B91233EEF56F} = {CD85B710-6A66-4399-8707-62EFA72DA38C}
	EndGlobalSection
	GlobalSection(ExtensibilityGlobals) = postSolution
		SolutionGuid = {8C302BBA-8D88-4984-BE47-BE235AAAC3E1}
	EndGlobalSection
EndGlobal
